// !$*UTF8*$!
{
	archiveVersion = 1;
	classes = {
	};
	objectVersion = 77;
	objects = {

/* Begin PBXFileReference section */
		A049E195304B56C3007584BC /* build.sh */ = {isa = PBXFileReference; lastKnownFileType = text.script.sh; path = build.sh; sourceTree = "<group>"; };
		A049E196304B56C3007584BC /* handmade.h */ = {isa = PBXFileReference; lastKnownFileType = sourcecode.c.h; path = handmade.h; sourceTree = "<group>"; };
		A049E197304B56C3007584BC /* handmade.cpp */ = {isa = PBXFileReference; lastKnownFileType = sourcecode.cpp.cpp; path = handmade.cpp; sourceTree = "<group>"; };
		A049E198304B56C3007584BC /* macOS_keyboard.h */ = {isa = PBXFileReference; lastKnownFileType = sourcecode.c.h; path = macOS_keyboard.h; sourceTree = "<group>"; };
		A049E199304B56C3007584BC /* macOS_main.mm */ = {isa = PBXFileReference; lastKnownFileType = sourcecode.cpp.objcpp; path = macOS_main.mm; sourceTree = "<group>"; };
		A049E19A304B56C3007584BC /* run.sh */ = {isa = PBXFileReference; lastKnownFileType = text.script.sh; path = run.sh; sourceTree = "<group>"; };
		A049E19B304B56C3007584BC /* shaders.metal */ = {isa = PBXFileReference; lastKnownFileType = sourcecode.metal; path = shaders.metal; sourceTree = "<group>"; };
/* End PBXFileReference section */

/* Begin PBXGroup section */
		A049E19C304B56C3007584BC /* code */ = {
			isa = PBXGroup;
			children = (
				A049E195304B56C3007584BC /* build.sh */,
				A049E196304B56C3007584BC /* handmade.h */,
				A049E197304B56C3007584BC /* handmade.cpp */,
				A049E198304B56C3007584BC /* macOS_keyboard.h */,
				A049E199304B56C3007584BC /* macOS_main.mm */,
				A049E19A304B56C3007584BC /* run.sh */,
				A049E19B304B56C3007584BC /* shaders.metal */,
			);
			name = code;
			path = ../code;
			sourceTree = SOURCE_ROOT;
		};
		A0DC6A95300606A700390534 = {
			isa = PBXGroup;
			children = (
				A049E19C304B56C3007584BC /* code */,
			);
			sourceTree = "<group>";
		};
/* End PBXGroup section */

/* Begin PBXProject section */
		A0DC6A96300606A700390534 /* Project object */ = {
			isa = PBXProject;
			attributes = {
				BuildIndependentTargetsInParallel = 1;
				LastUpgradeCheck = 1620;
			};
			buildConfigurationList = A0DC6A99300606A700390534 /* Build configuration list for PBXProject "HandmadeGame" */;
			developmentRegion = en;
			hasScannedForEncodings = 0;
			knownRegions = (
				en,
				Base,
			);
			mainGroup = A0DC6A95300606A700390534;
			minimizedProjectReferenceProxies = 1;
			preferredProjectObjectVersion = 77;
			projectDirPath = "";
			projectRoot = "";
			targets = (
			);
		};
/* End PBXProject section */

/* Begin XCBuildConfiguration section */
		A0DC6A9A300606A700390534 /* Debug */ = {
			isa = XCBuildConfiguration;
			buildSettings = {
			};
			name = Debug;
		};
		A0DC6A9B300606A700390534 /* Release */ = {
			isa = XCBuildConfiguration;
			buildSettings = {
			};
			name = Release;
		};
/* End XCBuildConfiguration section */

/* Begin XCConfigurationList section */
		A0DC6A99300606A700390534 /* Build configuration list for PBXProject "HandmadeGame" */ = {
			isa = XCConfigurationList;
			buildConfigurations = (
				A0DC6A9A300606A700390534 /* Debug */,
				A0DC6A9B300606A700390534 /* Release */,
			);
			defaultConfigurationIsVisible = 0;
			defaultConfigurationName = Release;
		};
/* End XCConfigurationList section */
	};
	rootObject = A0DC6A96300606A700390534 /* Project object */;
}
